
Microsoft Visual Studio Solution File, Format Version 12.00
# Visual Studio Version 17
VisualStudioVersion = 17.5.002.0
MinimumVisualStudioVersion = 10.0.40219.1
Project("{9A19103F-16F7-4668-BE54-9A1E7A4F7556}") = "minimal-api", "minimal-api.csproj", "{53F16046-9FA2-4B04-960D-3FECE8DAE84C}"
EndProject
Global
	GlobalSection(SolutionConfigurationPlatforms) = preSolution
		Debug|Any CPU = Debug|Any CPU
		Release|Any CPU = Release|Any CPU
	EndGlobalSection
	GlobalSection(ProjectConfigurationPlatforms) = postSolution
		{53F16046-9FA2-4B04-960D-3FECE8DAE84C}.Debug|Any CPU.ActiveCfg = Debug|Any CPU
		{53F16046-9FA2-4B04-960D-3FECE8DAE84C}.Debug|Any CPU.Build.0 = Debug|Any CPU
		{53F16046-9FA2-4B04-960D-3FECE8DAE84C}.Release|Any CPU.ActiveCfg = Release|Any CPU
		{53F16046-9FA2-4B04-960D-3FECE8DAE84C}.Release|Any CPU.Build.0 = Release|Any CPU
	EndGlobalSection
	GlobalSection(SolutionProperties) = preSolution
		HideSolutionNode = FALSE
	EndGlobalSection
	GlobalSection(ExtensibilityGlobals) = postSolution
		SolutionGuid = {EA016B78-B8B4-489A-BAAE-9FF85C054CB8}
	EndGlobalSection
EndGlobal
